// !$*UTF8*$!
{
	archiveVersion = 1;
	classes = {
	};
	objectVersion = 56;
	objects = {

/* Begin PBXBuildFile section */
		8074867D2AEE121A00DDBBDE /* main.swift in Sources */ = {isa = PBXBuildFile; fileRef = 8074867C2AEE121A00DDBBDE /* main.swift */; };
		807486842AEE141500DDBBDE /* ConsoleIO.swift in Sources */ = {isa = PBXBuildFile; fileRef = 807486832AEE141500DDBBDE /* ConsoleIO.swift */; };
		807486862AEE16FE00DDBBDE /* Game.swift in Sources */ = {isa = PBXBuildFile; fileRef = 807486852AEE16FE00DDBBDE /* Game.swift */; };
		807486A12AF0AA3100DDBBDE /* GameMode.swift in Sources */ = {isa = PBXBuildFile; fileRef = 807486A02AF0AA3100DDBBDE /* GameMode.swift */; };
		807486A42AF0EF2000DDBBDE /* Player.swift in Sources */ = {isa = PBXBuildFile; fileRef = 807486A32AF0EF2000DDBBDE /* Player.swift */; };
		807486A62AF0EF6E00DDBBDE /* ShipType.swift in Sources */ = {isa = PBXBuildFile; fileRef = 807486A52AF0EF6E00DDBBDE /* ShipType.swift */; };
		807486A82AF0EFA300DDBBDE /* Ship.swift in Sources */ = {isa = PBXBuildFile; fileRef = 807486A72AF0EFA300DDBBDE /* Ship.swift */; };
		807486AA2AF0F10E00DDBBDE /* Field.swift in Sources */ = {isa = PBXBuildFile; fileRef = 807486A92AF0F10E00DDBBDE /* Field.swift */; };
		807486AC2AF0F1B500DDBBDE /* Dimensions.swift in Sources */ = {isa = PBXBuildFile; fileRef = 807486AB2AF0F1B500DDBBDE /* Dimensions.swift */; };
		807486AE2AF13ECA00DDBBDE /* DeckInfo.swift in Sources */ = {isa = PBXBuildFile; fileRef = 807486AD2AF13EC900DDBBDE /* DeckInfo.swift */; };
		807486B02AF13F8400DDBBDE /* DeckStatus.swift in Sources */ = {isa = PBXBuildFile; fileRef = 807486AF2AF13F8400DDBBDE /* DeckStatus.swift */; };
/* End PBXBuildFile section */

/* Begin PBXCopyFilesBuildPhase section */
		807486772AEE121A00DDBBDE /* CopyFiles */ = {
			isa = PBXCopyFilesBuildPhase;
			buildActionMask = 2147483647;
			dstPath = /usr/share/man/man1/;
			dstSubfolderSpec = 0;
			files = (
			);
			runOnlyForDeploymentPostprocessing = 1;
		};
/* End PBXCopyFilesBuildPhase section */

/* Begin PBXFileReference section */
		807486792AEE121A00DDBBDE /* SeaFightGame */ = {isa = PBXFileReference; explicitFileType = "compiled.mach-o.executable"; includeInIndex = 0; path = SeaFightGame; sourceTree = BUILT_PRODUCTS_DIR; };
		8074867C2AEE121A00DDBBDE /* main.swift */ = {isa = PBXFileReference; lastKnownFileType = sourcecode.swift; path = main.swift; sourceTree = "<group>"; };
		807486832AEE141500DDBBDE /* ConsoleIO.swift */ = {isa = PBXFileReference; lastKnownFileType = sourcecode.swift; path = ConsoleIO.swift; sourceTree = "<group>"; };
		807486852AEE16FE00DDBBDE /* Game.swift */ = {isa = PBXFileReference; lastKnownFileType = sourcecode.swift; path = Game.swift; sourceTree = "<group>"; };
		807486A02AF0AA3100DDBBDE /* GameMode.swift */ = {isa = PBXFileReference; lastKnownFileType = sourcecode.swift; path = GameMode.swift; sourceTree = "<group>"; };
		807486A32AF0EF2000DDBBDE /* Player.swift */ = {isa = PBXFileReference; lastKnownFileType = sourcecode.swift; path = Player.swift; sourceTree = "<group>"; };
		807486A52AF0EF6E00DDBBDE /* ShipType.swift */ = {isa = PBXFileReference; lastKnownFileType = sourcecode.swift; path = ShipType.swift; sourceTree = "<group>"; };
		807486A72AF0EFA300DDBBDE /* Ship.swift */ = {isa = PBXFileReference; lastKnownFileType = sourcecode.swift; path = Ship.swift; sourceTree = "<group>"; };
		807486A92AF0F10E00DDBBDE /* Field.swift */ = {isa = PBXFileReference; lastKnownFileType = sourcecode.swift; path = Field.swift; sourceTree = "<group>"; };
		807486AB2AF0F1B500DDBBDE /* Dimensions.swift */ = {isa = PBXFileReference; lastKnownFileType = sourcecode.swift; path = Dimensions.swift; sourceTree = "<group>"; };
		807486AD2AF13EC900DDBBDE /* DeckInfo.swift */ = {isa = PBXFileReference; lastKnownFileType = sourcecode.swift; path = DeckInfo.swift; sourceTree = "<group>"; };
		807486AF2AF13F8400DDBBDE /* DeckStatus.swift */ = {isa = PBXFileReference; lastKnownFileType = sourcecode.swift; path = DeckStatus.swift; sourceTree = "<group>"; };
/* End PBXFileReference section */

/* Begin PBXFrameworksBuildPhase section */
		807486762AEE121A00DDBBDE /* Frameworks */ = {
			isa = PBXFrameworksBuildPhase;
			buildActionMask = 2147483647;
			files = (
			);
			runOnlyForDeploymentPostprocessing = 0;
		};
/* End PBXFrameworksBuildPhase section */

/* Begin PBXGroup section */
		807486702AEE121A00DDBBDE = {
			isa = PBXGroup;
			children = (
				807486852AEE16FE00DDBBDE /* Game.swift */,
				807486832AEE141500DDBBDE /* ConsoleIO.swift */,
				807486A32AF0EF2000DDBBDE /* Player.swift */,
				807486A92AF0F10E00DDBBDE /* Field.swift */,
				807486A72AF0EFA300DDBBDE /* Ship.swift */,
				807486A22AF0EF0D00DDBBDE /* Models */,
				8074867B2AEE121A00DDBBDE /* SeaFightGame */,
				8074867A2AEE121A00DDBBDE /* Products */,
			);
			sourceTree = "<group>";
		};
		8074867A2AEE121A00DDBBDE /* Products */ = {
			isa = PBXGroup;
			children = (
				807486792AEE121A00DDBBDE /* SeaFightGame */,
			);
			name = Products;
			sourceTree = "<group>";
		};
		8074867B2AEE121A00DDBBDE /* SeaFightGame */ = {
			isa = PBXGroup;
			children = (
				8074867C2AEE121A00DDBBDE /* main.swift */,
			);
			path = SeaFightGame;
			sourceTree = "<group>";
		};
		807486A22AF0EF0D00DDBBDE /* Models */ = {
			isa = PBXGroup;
			children = (
				807486B12AF13FD500DDBBDE /* ShipModels */,
				807486AB2AF0F1B500DDBBDE /* Dimensions.swift */,
				807486A02AF0AA3100DDBBDE /* GameMode.swift */,
			);
			path = Models;
			sourceTree = "<group>";
		};
		807486B12AF13FD500DDBBDE /* ShipModels */ = {
			isa = PBXGroup;
			children = (
				807486A52AF0EF6E00DDBBDE /* ShipType.swift */,
				807486AD2AF13EC900DDBBDE /* DeckInfo.swift */,
				807486AF2AF13F8400DDBBDE /* DeckStatus.swift */,
			);
			path = ShipModels;
			sourceTree = "<group>";
		};
/* End PBXGroup section */

/* Begin PBXNativeTarget section */
		807486782AEE121A00DDBBDE /* SeaFightGame */ = {
			isa = PBXNativeTarget;
			buildConfigurationList = 807486802AEE121A00DDBBDE /* Build configuration list for PBXNativeTarget "SeaFightGame" */;
			buildPhases = (
				807486752AEE121A00DDBBDE /* Sources */,
				807486762AEE121A00DDBBDE /* Frameworks */,
				807486772AEE121A00DDBBDE /* CopyFiles */,
			);
			buildRules = (
			);
			dependencies = (
			);
			name = SeaFightGame;
			productName = SeaFightGame;
			productReference = 807486792AEE121A00DDBBDE /* SeaFightGame */;
			productType = "com.apple.product-type.tool";
		};
/* End PBXNativeTarget section */

/* Begin PBXProject section */
		807486712AEE121A00DDBBDE /* Project object */ = {
			isa = PBXProject;
			attributes = {
				BuildIndependentTargetsInParallel = 1;
				LastSwiftUpdateCheck = 1410;
				LastUpgradeCheck = 1410;
				TargetAttributes = {
					807486782AEE121A00DDBBDE = {
						CreatedOnToolsVersion = 14.1;
					};
				};
			};
			buildConfigurationList = 807486742AEE121A00DDBBDE /* Build configuration list for PBXProject "SeaFightGame" */;
			compatibilityVersion = "Xcode 14.0";
			developmentRegion = en;
			hasScannedForEncodings = 0;
			knownRegions = (
				en,
				Base,
			);
			mainGroup = 807486702AEE121A00DDBBDE;
			productRefGroup = 8074867A2AEE121A00DDBBDE /* Products */;
			projectDirPath = "";
			projectRoot = "";
			targets = (
				807486782AEE121A00DDBBDE /* SeaFightGame */,
			);
		};
/* End PBXProject section */

/* Begin PBXSourcesBuildPhase section */
		807486752AEE121A00DDBBDE /* Sources */ = {
			isa = PBXSourcesBuildPhase;
			buildActionMask = 2147483647;
			files = (
				8074867D2AEE121A00DDBBDE /* main.swift in Sources */,
				807486A62AF0EF6E00DDBBDE /* ShipType.swift in Sources */,
				807486AA2AF0F10E00DDBBDE /* Field.swift in Sources */,
				807486842AEE141500DDBBDE /* ConsoleIO.swift in Sources */,
				807486AC2AF0F1B500DDBBDE /* Dimensions.swift in Sources */,
				807486862AEE16FE00DDBBDE /* Game.swift in Sources */,
				807486AE2AF13ECA00DDBBDE /* DeckInfo.swift in Sources */,
				807486A42AF0EF2000DDBBDE /* Player.swift in Sources */,
				807486A82AF0EFA300DDBBDE /* Ship.swift in Sources */,
				807486A12AF0AA3100DDBBDE /* GameMode.swift in Sources */,
				807486B02AF13F8400DDBBDE /* DeckStatus.swift in Sources */,
			);
			runOnlyForDeploymentPostprocessing = 0;
		};
/* End PBXSourcesBuildPhase section */

/* Begin XCBuildConfiguration section */
		8074867E2AEE121A00DDBBDE /* Debug */ = {
			isa = XCBuildConfiguration;
			buildSettings = {
				ALWAYS_SEARCH_USER_PATHS = NO;
				CLANG_ANALYZER_NONNULL = YES;
				CLANG_ANALYZER_NUMBER_OBJECT_CONVERSION = YES_AGGRESSIVE;
				CLANG_CXX_LANGUAGE_STANDARD = "gnu++20";
				CLANG_ENABLE_MODULES = YES;
				CLANG_ENABLE_OBJC_ARC = YES;
				CLANG_ENABLE_OBJC_WEAK = YES;
				CLANG_WARN_BLOCK_CAPTURE_AUTORELEASING = YES;
				CLANG_WARN_BOOL_CONVERSION = YES;
				CLANG_WARN_COMMA = YES;
				CLANG_WARN_CONSTANT_CONVERSION = YES;
				CLANG_WARN_DEPRECATED_OBJC_IMPLEMENTATIONS = YES;
				CLANG_WARN_DIRECT_OBJC_ISA_USAGE = YES_ERROR;
				CLANG_WARN_DOCUMENTATION_COMMENTS = YES;
				CLANG_WARN_EMPTY_BODY = YES;
				CLANG_WARN_ENUM_CONVERSION = YES;
				CLANG_WARN_INFINITE_RECURSION = YES;
				CLANG_WARN_INT_CONVERSION = YES;
				CLANG_WARN_NON_LITERAL_NULL_CONVERSION = YES;
				CLANG_WARN_OBJC_IMPLICIT_RETAIN_SELF = YES;
				CLANG_WARN_OBJC_LITERAL_CONVERSION = YES;
				CLANG_WARN_OBJC_ROOT_CLASS = YES_ERROR;
				CLANG_WARN_QUOTED_INCLUDE_IN_FRAMEWORK_HEADER = YES;
				CLANG_WARN_RANGE_LOOP_ANALYSIS = YES;
				CLANG_WARN_STRICT_PROTOTYPES = YES;
				CLANG_WARN_SUSPICIOUS_MOVE = YES;
				CLANG_WARN_UNGUARDED_AVAILABILITY = YES_AGGRESSIVE;
				CLANG_WARN_UNREACHABLE_CODE = YES;
				CLANG_WARN__DUPLICATE_METHOD_MATCH = YES;
				COPY_PHASE_STRIP = NO;
				DEBUG_INFORMATION_FORMAT = dwarf;
				ENABLE_STRICT_OBJC_MSGSEND = YES;
				ENABLE_TESTABILITY = YES;
				GCC_C_LANGUAGE_STANDARD = gnu11;
				GCC_DYNAMIC_NO_PIC = NO;
				GCC_NO_COMMON_BLOCKS = YES;
				GCC_OPTIMIZATION_LEVEL = 0;
				GCC_PREPROCESSOR_DEFINITIONS = (
					"DEBUG=1",
					"$(inherited)",
				);
				GCC_WARN_64_TO_32_BIT_CONVERSION = YES;
				GCC_WARN_ABOUT_RETURN_TYPE = YES_ERROR;
				GCC_WARN_UNDECLARED_SELECTOR = YES;
				GCC_WARN_UNINITIALIZED_AUTOS = YES_AGGRESSIVE;
				GCC_WARN_UNUSED_FUNCTION = YES;
				GCC_WARN_UNUSED_VARIABLE = YES;
				MACOSX_DEPLOYMENT_TARGET = 13.0;
				MTL_ENABLE_DEBUG_INFO = INCLUDE_SOURCE;
				MTL_FAST_MATH = YES;
				ONLY_ACTIVE_ARCH = YES;
				SDKROOT = macosx;
				SWIFT_ACTIVE_COMPILATION_CONDITIONS = DEBUG;
				SWIFT_OPTIMIZATION_LEVEL = "-Onone";
			};
			name = Debug;
		};
		8074867F2AEE121A00DDBBDE /* Release */ = {
			isa = XCBuildConfiguration;
			buildSettings = {
				ALWAYS_SEARCH_USER_PATHS = NO;
				CLANG_ANALYZER_NONNULL = YES;
				CLANG_ANALYZER_NUMBER_OBJECT_CONVERSION = YES_AGGRESSIVE;
				CLANG_CXX_LANGUAGE_STANDARD = "gnu++20";
				CLANG_ENABLE_MODULES = YES;
				CLANG_ENABLE_OBJC_ARC = YES;
				CLANG_ENABLE_OBJC_WEAK = YES;
				CLANG_WARN_BLOCK_CAPTURE_AUTORELEASING = YES;
				CLANG_WARN_BOOL_CONVERSION = YES;
				CLANG_WARN_COMMA = YES;
				CLANG_WARN_CONSTANT_CONVERSION = YES;
				CLANG_WARN_DEPRECATED_OBJC_IMPLEMENTATIONS = YES;
				CLANG_WARN_DIRECT_OBJC_ISA_USAGE = YES_ERROR;
				CLANG_WARN_DOCUMENTATION_COMMENTS = YES;
				CLANG_WARN_EMPTY_BODY = YES;
				CLANG_WARN_ENUM_CONVERSION = YES;
				CLANG_WARN_INFINITE_RECURSION = YES;
				CLANG_WARN_INT_CONVERSION = YES;
				CLANG_WARN_NON_LITERAL_NULL_CONVERSION = YES;
				CLANG_WARN_OBJC_IMPLICIT_RETAIN_SELF = YES;
				CLANG_WARN_OBJC_LITERAL_CONVERSION = YES;
				CLANG_WARN_OBJC_ROOT_CLASS = YES_ERROR;
				CLANG_WARN_QUOTED_INCLUDE_IN_FRAMEWORK_HEADER = YES;
				CLANG_WARN_RANGE_LOOP_ANALYSIS = YES;
				CLANG_WARN_STRICT_PROTOTYPES = YES;
				CLANG_WARN_SUSPICIOUS_MOVE = YES;
				CLANG_WARN_UNGUARDED_AVAILABILITY = YES_AGGRESSIVE;
				CLANG_WARN_UNREACHABLE_CODE = YES;
				CLANG_WARN__DUPLICATE_METHOD_MATCH = YES;
				COPY_PHASE_STRIP = NO;
				DEBUG_INFORMATION_FORMAT = "dwarf-with-dsym";
				ENABLE_NS_ASSERTIONS = NO;
				ENABLE_STRICT_OBJC_MSGSEND = YES;
				GCC_C_LANGUAGE_STANDARD = gnu11;
				GCC_NO_COMMON_BLOCKS = YES;
				GCC_WARN_64_TO_32_BIT_CONVERSION = YES;
				GCC_WARN_ABOUT_RETURN_TYPE = YES_ERROR;
				GCC_WARN_UNDECLARED_SELECTOR = YES;
				GCC_WARN_UNINITIALIZED_AUTOS = YES_AGGRESSIVE;
				GCC_WARN_UNUSED_FUNCTION = YES;
				GCC_WARN_UNUSED_VARIABLE = YES;
				MACOSX_DEPLOYMENT_TARGET = 13.0;
				MTL_ENABLE_DEBUG_INFO = NO;
				MTL_FAST_MATH = YES;
				SDKROOT = macosx;
				SWIFT_COMPILATION_MODE = wholemodule;
				SWIFT_OPTIMIZATION_LEVEL = "-O";
			};
			name = Release;
		};
		807486812AEE121A00DDBBDE /* Debug */ = {
			isa = XCBuildConfiguration;
			buildSettings = {
				CODE_SIGN_STYLE = Automatic;
				DEVELOPMENT_TEAM = 7L8D6FC4F7;
				ENABLE_HARDENED_RUNTIME = YES;
				PRODUCT_NAME = "$(TARGET_NAME)";
				SWIFT_VERSION = 5.0;
			};
			name = Debug;
		};
		807486822AEE121A00DDBBDE /* Release */ = {
			isa = XCBuildConfiguration;
			buildSettings = {
				CODE_SIGN_STYLE = Automatic;
				DEVELOPMENT_TEAM = 7L8D6FC4F7;
				ENABLE_HARDENED_RUNTIME = YES;
				PRODUCT_NAME = "$(TARGET_NAME)";
				SWIFT_VERSION = 5.0;
			};
			name = Release;
		};
/* End XCBuildConfiguration section */

/* Begin XCConfigurationList section */
		807486742AEE121A00DDBBDE /* Build configuration list for PBXProject "SeaFightGame" */ = {
			isa = XCConfigurationList;
			buildConfigurations = (
				8074867E2AEE121A00DDBBDE /* Debug */,
				8074867F2AEE121A00DDBBDE /* Release */,
			);
			defaultConfigurationIsVisible = 0;
			defaultConfigurationName = Release;
		};
		807486802AEE121A00DDBBDE /* Build configuration list for PBXNativeTarget "SeaFightGame" */ = {
			isa = XCConfigurationList;
			buildConfigurations = (
				807486812AEE121A00DDBBDE /* Debug */,
				807486822AEE121A00DDBBDE /* Release */,
			);
			defaultConfigurationIsVisible = 0;
			defaultConfigurationName = Release;
		};
/* End XCConfigurationList section */
	};
	rootObject = 807486712AEE121A00DDBBDE /* Project object */;
}
